Microsoft Visual Studio Solution File, Format Version 12.00
# Visual Studio Version 17
VisualStudioVersion = 17.0.31903.59
MinimumVisualStudioVersion = 10.0.40219.1
Project("{FAE04EC0-301F-11D3-BF4B-00C04F79EFBC}") = "E-Commerce.CustomerManagement.Domain", "src\E-Commerce.CustomerManagement.Domain\E-Commerce.CustomerManagement.Domain.csproj", "{F1E2D3C4-B5A6-7890-CDEF-123456789DEF}"
EndProject
Project("{FAE04EC0-301F-11D3-BF4B-00C04F79EFBC}") = "E-Commerce.CustomerManagement.Application", "src\E-Commerce.CustomerManagement.Application\E-Commerce.CustomerManagement.Application.csproj", "{E2D3C4F5-A6B7-8901-DEFA-234567890EFA}"
EndProject
Project("{FAE04EC0-301F-11D3-BF4B-00C04F79EFBC}") = "E-Commerce.CustomerManagement.Infrastructure", "src\E-Commerce.CustomerManagement.Infrastructure\E-Commerce.CustomerManagement.Infrastructure.csproj", "{D3C4F5E6-B7A8-9012-EFAB-345678901FAB}"
EndProject
Project("{FAE04EC0-301F-11D3-BF4B-00C04F79EFBC}") = "E-Commerce.CustomerManagement.Api", "src\E-Commerce.CustomerManagement.Api\E-Commerce.CustomerManagement.Api.csproj", "{C4F5E6D7-A8B9-0123-FABC-456789012ABC}"
EndProject
Global
	GlobalSection(SolutionConfigurationPlatforms) = preSolution
		Debug|Any CPU = Debug|Any CPU
		Release|Any CPU = Release|Any CPU
	EndGlobalSection
	GlobalSection(ProjectConfigurationPlatforms) = postSolution
		{F1E2D3C4-B5A6-7890-CDEF-123456789DEF}.Debug|Any CPU.ActiveCfg = Debug|Any CPU
		{F1E2D3C4-B5A6-7890-CDEF-123456789DEF}.Debug|Any CPU.Build.0 = Debug|Any CPU
		{F1E2D3C4-B5A6-7890-CDEF-123456789DEF}.Release|Any CPU.ActiveCfg = Release|Any CPU
		{F1E2D3C4-B5A6-7890-CDEF-123456789DEF}.Release|Any CPU.Build.0 = Release|Any CPU
		{E2D3C4F5-A6B7-8901-DEFA-234567890EFA}.Debug|Any CPU.ActiveCfg = Debug|Any CPU
		{E2D3C4F5-A6B7-8901-DEFA-234567890EFA}.Debug|Any CPU.Build.0 = Debug|Any CPU
		{E2D3C4F5-A6B7-8901-DEFA-234567890EFA}.Release|Any CPU.ActiveCfg = Release|Any CPU
		{E2D3C4F5-A6B7-8901-DEFA-234567890EFA}.Release|Any CPU.Build.0 = Release|Any CPU
		{D3C4F5E6-B7A8-9012-EFAB-345678901FAB}.Debug|Any CPU.ActiveCfg = Debug|Any CPU
		{D3C4F5E6-B7A8-9012-EFAB-345678901FAB}.Debug|Any CPU.Build.0 = Debug|Any CPU
		{D3C4F5E6-B7A8-9012-EFAB-345678901FAB}.Release|Any CPU.ActiveCfg = Release|Any CPU
		{D3C4F5E6-B7A8-9012-EFAB-345678901FAB}.Release|Any CPU.Build.0 = Release|Any CPU
		{C4F5E6D7-A8B9-0123-FABC-456789012ABC}.Debug|Any CPU.ActiveCfg = Debug|Any CPU
		{C4F5E6D7-A8B9-0123-FABC-456789012ABC}.Debug|Any CPU.Build.0 = Debug|Any CPU
		{C4F5E6D7-A8B9-0123-FABC-456789012ABC}.Release|Any CPU.ActiveCfg = Release|Any CPU
		{C4F5E6D7-A8B9-0123-FABC-456789012ABC}.Release|Any CPU.Build.0 = Release|Any CPU
	EndGlobalSection
EndGlobal
